// !$*UTF8*$!
{
	archiveVersion = 1;
	classes = {
	};
	objectVersion = 45;
	objects = {

/* Begin PBXBuildFile section */
		15412E751247557400DEA353 /* ReportManager.m in Sources */ = {isa = PBXBuildFile; fileRef = 15412E741247557400DEA353 /* ReportManager.m */; };
		15412E78124755E900DEA353 /* AppManager.m in Sources */ = {isa = PBXBuildFile; fileRef = 15412E77124755E900DEA353 /* AppManager.m */; };
		15412E83124755F700DEA353 /* Country.m in Sources */ = {isa = PBXBuildFile; fileRef = 15412E7A124755F700DEA353 /* Country.m */; };
		15412E84124755F700DEA353 /* CurrencyManager.m in Sources */ = {isa = PBXBuildFile; fileRef = 15412E7C124755F700DEA353 /* CurrencyManager.m */; };
		15412E85124755F700DEA353 /* Day.m in Sources */ = {isa = PBXBuildFile; fileRef = 15412E7E124755F700DEA353 /* Day.m */; };
		15412E86124755F700DEA353 /* Entry.m in Sources */ = {isa = PBXBuildFile; fileRef = 15412E80124755F700DEA353 /* Entry.m */; };
		15412E87124755F700DEA353 /* RegexKitLite.m in Sources */ = {isa = PBXBuildFile; fileRef = 15412E82124755F700DEA353 /* RegexKitLite.m */; };
		15412E8A124755FE00DEA353 /* Review.m in Sources */ = {isa = PBXBuildFile; fileRef = 15412E89124755FE00DEA353 /* Review.m */; };
		15412E921247563400DEA353 /* NSDictionary+HTTP.m in Sources */ = {isa = PBXBuildFile; fileRef = 15412E911247563400DEA353 /* NSDictionary+HTTP.m */; };
		8DD76F9A0486AA7600D96B5E /* WendyHelper.m in Sources */ = {isa = PBXBuildFile; fileRef = 08FB7796FE84155DC02AAC07 /* WendyHelper.m */; settings = {ATTRIBUTES = (); }; };
		8DD76F9C0486AA7600D96B5E /* Foundation.framework in Frameworks */ = {isa = PBXBuildFile; fileRef = 08FB779EFE84155DC02AAC07 /* Foundation.framework */; };
/* End PBXBuildFile section */

/* Begin PBXCopyFilesBuildPhase section */
		8DD76F9E0486AA7600D96B5E /* CopyFiles */ = {
			isa = PBXCopyFilesBuildPhase;
			buildActionMask = 8;
			dstPath = /usr/share/man/man1/;
			dstSubfolderSpec = 0;
			files = (
			);
			runOnlyForDeploymentPostprocessing = 1;
		};
/* End PBXCopyFilesBuildPhase section */

/* Begin PBXFileReference section */
		08FB7796FE84155DC02AAC07 /* WendyHelper.m */ = {isa = PBXFileReference; fileEncoding = 4; lastKnownFileType = sourcecode.c.objc; path = WendyHelper.m; sourceTree = "<group>"; };
		08FB779EFE84155DC02AAC07 /* Foundation.framework */ = {isa = PBXFileReference; lastKnownFileType = wrapper.framework; name = Foundation.framework; path = /System/Library/Frameworks/Foundation.framework; sourceTree = "<absolute>"; };
		15412E731247557400DEA353 /* ReportManager.h */ = {isa = PBXFileReference; fileEncoding = 4; lastKnownFileType = sourcecode.c.h; path = ReportManager.h; sourceTree = "<group>"; };
		15412E741247557400DEA353 /* ReportManager.m */ = {isa = PBXFileReference; fileEncoding = 4; lastKnownFileType = sourcecode.c.objc; path = ReportManager.m; sourceTree = "<group>"; };
		15412E76124755E900DEA353 /* AppManager.h */ = {isa = PBXFileReference; fileEncoding = 4; lastKnownFileType = sourcecode.c.h; path = AppManager.h; sourceTree = "<group>"; };
		15412E77124755E900DEA353 /* AppManager.m */ = {isa = PBXFileReference; fileEncoding = 4; lastKnownFileType = sourcecode.c.objc; path = AppManager.m; sourceTree = "<group>"; };
		15412E79124755F700DEA353 /* Country.h */ = {isa = PBXFileReference; fileEncoding = 4; lastKnownFileType = sourcecode.c.h; path = Country.h; sourceTree = "<group>"; };
		15412E7A124755F700DEA353 /* Country.m */ = {isa = PBXFileReference; fileEncoding = 4; lastKnownFileType = sourcecode.c.objc; path = Country.m; sourceTree = "<group>"; };
		15412E7B124755F700DEA353 /* CurrencyManager.h */ = {isa = PBXFileReference; fileEncoding = 4; lastKnownFileType = sourcecode.c.h; path = CurrencyManager.h; sourceTree = "<group>"; };
		15412E7C124755F700DEA353 /* CurrencyManager.m */ = {isa = PBXFileReference; fileEncoding = 4; lastKnownFileType = sourcecode.c.objc; path = CurrencyManager.m; sourceTree = "<group>"; };
		15412E7D124755F700DEA353 /* Day.h */ = {isa = PBXFileReference; fileEncoding = 4; lastKnownFileType = sourcecode.c.h; path = Day.h; sourceTree = "<group>"; };
		15412E7E124755F700DEA353 /* Day.m */ = {isa = PBXFileReference; fileEncoding = 4; lastKnownFileType = sourcecode.c.objc; path = Day.m; sourceTree = "<group>"; };
		15412E7F124755F700DEA353 /* Entry.h */ = {isa = PBXFileReference; fileEncoding = 4; lastKnownFileType = sourcecode.c.h; path = Entry.h; sourceTree = "<group>"; };
		15412E80124755F700DEA353 /* Entry.m */ = {isa = PBXFileReference; fileEncoding = 4; lastKnownFileType = sourcecode.c.objc; path = Entry.m; sourceTree = "<group>"; };
		15412E81124755F700DEA353 /* RegexKitLite.h */ = {isa = PBXFileReference; fileEncoding = 4; lastKnownFileType = sourcecode.c.h; path = RegexKitLite.h; sourceTree = "<group>"; };
		15412E82124755F700DEA353 /* RegexKitLite.m */ = {isa = PBXFileReference; fileEncoding = 4; lastKnownFileType = sourcecode.c.objc; path = RegexKitLite.m; sourceTree = "<group>"; };
		15412E88124755FE00DEA353 /* Review.h */ = {isa = PBXFileReference; fileEncoding = 4; lastKnownFileType = sourcecode.c.h; path = Review.h; sourceTree = "<group>"; };
		15412E89124755FE00DEA353 /* Review.m */ = {isa = PBXFileReference; fileEncoding = 4; lastKnownFileType = sourcecode.c.objc; path = Review.m; sourceTree = "<group>"; };
		15412E901247563400DEA353 /* NSDictionary+HTTP.h */ = {isa = PBXFileReference; fileEncoding = 4; lastKnownFileType = sourcecode.c.h; path = "NSDictionary+HTTP.h"; sourceTree = "<group>"; };
		15412E911247563400DEA353 /* NSDictionary+HTTP.m */ = {isa = PBXFileReference; fileEncoding = 4; lastKnownFileType = sourcecode.c.objc; path = "NSDictionary+HTTP.m"; sourceTree = "<group>"; };
		32A70AAB03705E1F00C91783 /* WendyHelper_Prefix.pch */ = {isa = PBXFileReference; fileEncoding = 4; lastKnownFileType = sourcecode.c.h; path = WendyHelper_Prefix.pch; sourceTree = "<group>"; };
		8DD76FA10486AA7600D96B5E /* WendyHelper */ = {isa = PBXFileReference; explicitFileType = "compiled.mach-o.executable"; includeInIndex = 0; path = WendyHelper; sourceTree = BUILT_PRODUCTS_DIR; };
/* End PBXFileReference section */

/* Begin PBXFrameworksBuildPhase section */
		8DD76F9B0486AA7600D96B5E /* Frameworks */ = {
			isa = PBXFrameworksBuildPhase;
			buildActionMask = 2147483647;
			files = (
				8DD76F9C0486AA7600D96B5E /* Foundation.framework in Frameworks */,
			);
			runOnlyForDeploymentPostprocessing = 0;
		};
/* End PBXFrameworksBuildPhase section */

/* Begin PBXGroup section */
		08FB7794FE84155DC02AAC07 /* WendyHelper */ = {
			isa = PBXGroup;
			children = (
				08FB7795FE84155DC02AAC07 /* Source */,
				08FB779DFE84155DC02AAC07 /* External Frameworks and Libraries */,
				1AB674ADFE9D54B511CA2CBB /* Products */,
			);
			name = WendyHelper;
			sourceTree = "<group>";
		};
		08FB7795FE84155DC02AAC07 /* Source */ = {
			isa = PBXGroup;
			children = (
				15412E901247563400DEA353 /* NSDictionary+HTTP.h */,
				15412E911247563400DEA353 /* NSDictionary+HTTP.m */,
				15412E88124755FE00DEA353 /* Review.h */,
				15412E89124755FE00DEA353 /* Review.m */,
				15412E79124755F700DEA353 /* Country.h */,
				15412E7A124755F700DEA353 /* Country.m */,
				15412E7B124755F700DEA353 /* CurrencyManager.h */,
				15412E7C124755F700DEA353 /* CurrencyManager.m */,
				15412E7D124755F700DEA353 /* Day.h */,
				15412E7E124755F700DEA353 /* Day.m */,
				15412E7F124755F700DEA353 /* Entry.h */,
				15412E80124755F700DEA353 /* Entry.m */,
				15412E81124755F700DEA353 /* RegexKitLite.h */,
				15412E82124755F700DEA353 /* RegexKitLite.m */,
				15412E76124755E900DEA353 /* AppManager.h */,
				15412E77124755E900DEA353 /* AppManager.m */,
				15412E731247557400DEA353 /* ReportManager.h */,
				15412E741247557400DEA353 /* ReportManager.m */,
				32A70AAB03705E1F00C91783 /* WendyHelper_Prefix.pch */,
				08FB7796FE84155DC02AAC07 /* WendyHelper.m */,
			);
			name = Source;
			sourceTree = "<group>";
		};
		08FB779DFE84155DC02AAC07 /* External Frameworks and Libraries */ = {
			isa = PBXGroup;
			children = (
				08FB779EFE84155DC02AAC07 /* Foundation.framework */,
			);
			name = "External Frameworks and Libraries";
			sourceTree = "<group>";
		};
		1AB674ADFE9D54B511CA2CBB /* Products */ = {
			isa = PBXGroup;
			children = (
				8DD76FA10486AA7600D96B5E /* WendyHelper */,
			);
			name = Products;
			sourceTree = "<group>";
		};
/* End PBXGroup section */

/* Begin PBXNativeTarget section */
		8DD76F960486AA7600D96B5E /* WendyHelper */ = {
			isa = PBXNativeTarget;
			buildConfigurationList = 1DEB927408733DD40010E9CD /* Build configuration list for PBXNativeTarget "WendyHelper" */;
			buildPhases = (
				8DD76F990486AA7600D96B5E /* Sources */,
				8DD76F9B0486AA7600D96B5E /* Frameworks */,
				8DD76F9E0486AA7600D96B5E /* CopyFiles */,
			);
			buildRules = (
			);
			dependencies = (
			);
			name = WendyHelper;
			productInstallPath = "$(HOME)/bin";
			productName = WendyHelper;
			productReference = 8DD76FA10486AA7600D96B5E /* WendyHelper */;
			productType = "com.apple.product-type.tool";
		};
/* End PBXNativeTarget section */

/* Begin PBXProject section */
		08FB7793FE84155DC02AAC07 /* Project object */ = {
			isa = PBXProject;
			buildConfigurationList = 1DEB927808733DD40010E9CD /* Build configuration list for PBXProject "WendyHelper" */;
			compatibilityVersion = "Xcode 3.1";
			developmentRegion = English;
			hasScannedForEncodings = 1;
			knownRegions = (
				English,
				Japanese,
				French,
				German,
			);
			mainGroup = 08FB7794FE84155DC02AAC07 /* WendyHelper */;
			projectDirPath = "";
			projectRoot = "";
			targets = (
				8DD76F960486AA7600D96B5E /* WendyHelper */,
			);
		};
/* End PBXProject section */

/* Begin PBXSourcesBuildPhase section */
		8DD76F990486AA7600D96B5E /* Sources */ = {
			isa = PBXSourcesBuildPhase;
			buildActionMask = 2147483647;
			files = (
				8DD76F9A0486AA7600D96B5E /* WendyHelper.m in Sources */,
				15412E751247557400DEA353 /* ReportManager.m in Sources */,
				15412E78124755E900DEA353 /* AppManager.m in Sources */,
				15412E83124755F700DEA353 /* Country.m in Sources */,
				15412E84124755F700DEA353 /* CurrencyManager.m in Sources */,
				15412E85124755F700DEA353 /* Day.m in Sources */,
				15412E86124755F700DEA353 /* Entry.m in Sources */,
				15412E87124755F700DEA353 /* RegexKitLite.m in Sources */,
				15412E8A124755FE00DEA353 /* Review.m in Sources */,
				15412E921247563400DEA353 /* NSDictionary+HTTP.m in Sources */,
			);
			runOnlyForDeploymentPostprocessing = 0;
		};
/* End PBXSourcesBuildPhase section */

/* Begin XCBuildConfiguration section */
		1DEB927508733DD40010E9CD /* Debug */ = {
			isa = XCBuildConfiguration;
			buildSettings = {
				ALWAYS_SEARCH_USER_PATHS = NO;
				COPY_PHASE_STRIP = NO;
				GCC_DYNAMIC_NO_PIC = NO;
				GCC_ENABLE_FIX_AND_CONTINUE = YES;
				GCC_MODEL_TUNING = G5;
				GCC_OPTIMIZATION_LEVEL = 0;
				GCC_PRECOMPILE_PREFIX_HEADER = YES;
				GCC_PREFIX_HEADER = WendyHelper_Prefix.pch;
				INSTALL_PATH = /usr/local/bin;
				PRODUCT_NAME = WendyHelper;
			};
			name = Debug;
		};
		1DEB927608733DD40010E9CD /* Release */ = {
			isa = XCBuildConfiguration;
			buildSettings = {
				ALWAYS_SEARCH_USER_PATHS = NO;
				DEBUG_INFORMATION_FORMAT = "dwarf-with-dsym";
				GCC_MODEL_TUNING = G5;
				GCC_PRECOMPILE_PREFIX_HEADER = YES;
				GCC_PREFIX_HEADER = WendyHelper_Prefix.pch;
				INSTALL_PATH = /usr/local/bin;
				PRODUCT_NAME = WendyHelper;
			};
			name = Release;
		};
		1DEB927908733DD40010E9CD /* Debug */ = {
			isa = XCBuildConfiguration;
			buildSettings = {
				ARCHS = "$(ARCHS_STANDARD_32_64_BIT)";
				GCC_C_LANGUAGE_STANDARD = gnu99;
				GCC_OPTIMIZATION_LEVEL = 0;
				GCC_WARN_ABOUT_RETURN_TYPE = YES;
				GCC_WARN_UNUSED_VARIABLE = YES;
				ONLY_ACTIVE_ARCH = YES;
				PREBINDING = NO;
				SDKROOT = macosx10.6;
			};
			name = Debug;
		};
		1DEB927A08733DD40010E9CD /* Release */ = {
			isa = XCBuildConfiguration;
			buildSettings = {
				ARCHS = "$(ARCHS_STANDARD_32_64_BIT)";
				GCC_C_LANGUAGE_STANDARD = gnu99;
				GCC_WARN_ABOUT_RETURN_TYPE = YES;
				GCC_WARN_UNUSED_VARIABLE = YES;
				PREBINDING = NO;
				SDKROOT = macosx10.6;
			};
			name = Release;
		};
/* End XCBuildConfiguration section */

/* Begin XCConfigurationList section */
		1DEB927408733DD40010E9CD /* Build configuration list for PBXNativeTarget "WendyHelper" */ = {
			isa = XCConfigurationList;
			buildConfigurations = (
				1DEB927508733DD40010E9CD /* Debug */,
				1DEB927608733DD40010E9CD /* Release */,
			);
			defaultConfigurationIsVisible = 0;
			defaultConfigurationName = Release;
		};
		1DEB927808733DD40010E9CD /* Build configuration list for PBXProject "WendyHelper" */ = {
			isa = XCConfigurationList;
			buildConfigurations = (
				1DEB927908733DD40010E9CD /* Debug */,
				1DEB927A08733DD40010E9CD /* Release */,
			);
			defaultConfigurationIsVisible = 0;
			defaultConfigurationName = Release;
		};
/* End XCConfigurationList section */
	};
	rootObject = 08FB7793FE84155DC02AAC07 /* Project object */;
}
